Microsoft Visual Studio Solution File, Format Version 12.00
# Visual Studio 15
VisualStudioVersion = 15.0.27703.2018
MinimumVisualStudioVersion = 10.0.40219.1
Project("{FAE04EC0-301F-11D3-BF4B-00C04F79EFBC}") = "ListViewContext.Android", "ListViewContext.Android\ListViewContext.Android.csproj", "{E59D7DB1-2465-4433-9CBC-5FECBF1F688B}"
EndProject
Project("{FAE04EC0-301F-11D3-BF4B-00C04F79EFBC}") = "ListViewContext.iOS", "ListViewContext.iOS\ListViewContext.iOS.csproj", "{26BCCBDD-8207-4371-A8DE-2D4198DBFE5C}"
EndProject
Project("{9A19103F-16F7-4668-BE54-9A1E7A4F7556}") = "ListViewContext", "ListViewContext\ListViewContext.csproj", "{7C0BC7C7-BB2E-419C-BA19-B1B0EBB21D89}"
EndProject
Project("{FAE04EC0-301F-11D3-BF4B-00C04F79EFBC}") = "ListViewContext.MacOS", "ListViewContext.MacOS\ListViewContext.MacOS.csproj", "{88379534-E3EF-4232-B515-02E2E8194AB2}"
EndProject
Project("{FAE04EC0-301F-11D3-BF4B-00C04F79EFBC}") = "ListViewContext.WPF", "ListViewContext.WPF\ListViewContext.WPF.csproj", "{7DC7B1B6-BA30-45F0-B902-6749E2769493}"
EndProject
Project("{FAE04EC0-301F-11D3-BF4B-00C04F79EFBC}") = "ListViewContext.GTK", "ListViewContext.GTK\ListViewContext.GTK.csproj", "{4EB7530E-A9B6-427D-9572-12E855FAB576}"
EndProject
Project("{FAE04EC0-301F-11D3-BF4B-00C04F79EFBC}") = "ListViewContext.UWP", "ListViewContext.UWP\ListViewContext.UWP.csproj", "{D0A3E30D-C5F1-40B7-BDBF-D9D76B3538BC}"
EndProject
Global
	GlobalSection(SolutionConfigurationPlatforms) = preSolution
		Ad-Hoc|Any CPU = Ad-Hoc|Any CPU
		Ad-Hoc|ARM = Ad-Hoc|ARM
		Ad-Hoc|iPhone = Ad-Hoc|iPhone
		Ad-Hoc|iPhoneSimulator = Ad-Hoc|iPhoneSimulator
		Ad-Hoc|x64 = Ad-Hoc|x64
		Ad-Hoc|x86 = Ad-Hoc|x86
		AppStore|Any CPU = AppStore|Any CPU
		AppStore|ARM = AppStore|ARM
		AppStore|iPhone = AppStore|iPhone
		AppStore|iPhoneSimulator = AppStore|iPhoneSimulator
		AppStore|x64 = AppStore|x64
		AppStore|x86 = AppStore|x86
		Debug|Any CPU = Debug|Any CPU
		Debug|ARM = Debug|ARM
		Debug|iPhone = Debug|iPhone
		Debug|iPhoneSimulator = Debug|iPhoneSimulator
		Debug|x64 = Debug|x64
		Debug|x86 = Debug|x86
		Release|Any CPU = Release|Any CPU
		Release|ARM = Release|ARM
		Release|iPhone = Release|iPhone
		Release|iPhoneSimulator = Release|iPhoneSimulator
		Release|x64 = Release|x64
		Release|x86 = Release|x86
	EndGlobalSection
	GlobalSection(ProjectConfigurationPlatforms) = postSolution
		{E59D7DB1-2465-4433-9CBC-5FECBF1F688B}.Ad-Hoc|Any CPU.ActiveCfg = Release|Any CPU
		{E59D7DB1-2465-4433-9CBC-5FECBF1F688B}.Ad-Hoc|Any CPU.Build.0 = Release|Any CPU
		{E59D7DB1-2465-4433-9CBC-5FECBF1F688B}.Ad-Hoc|Any CPU.Deploy.0 = Release|Any CPU
		{E59D7DB1-2465-4433-9CBC-5FECBF1F688B}.Ad-Hoc|ARM.ActiveCfg = Release|Any CPU
		{E59D7DB1-2465-4433-9CBC-5FECBF1F688B}.Ad-Hoc|ARM.Build.0 = Release|Any CPU
		{E59D7DB1-2465-4433-9CBC-5FECBF1F688B}.Ad-Hoc|ARM.Deploy.0 = Release|Any CPU
		{E59D7DB1-2465-4433-9CBC-5FECBF1F688B}.Ad-Hoc|iPhone.ActiveCfg = Debug|Any CPU
		{E59D7DB1-2465-4433-9CBC-5FECBF1F688B}.Ad-Hoc|iPhone.Build.0 = Debug|Any CPU
		{E59D7DB1-2465-4433-9CBC-5FECBF1F688B}.Ad-Hoc|iPhoneSimulator.ActiveCfg = Release|Any CPU
		{E59D7DB1-2465-4433-9CBC-5FECBF1F688B}.Ad-Hoc|iPhoneSimulator.Build.0 = Release|Any CPU
		{E59D7DB1-2465-4433-9CBC-5FECBF1F688B}.Ad-Hoc|iPhoneSimulator.Deploy.0 = Release|Any CPU
		{E59D7DB1-2465-4433-9CBC-5FECBF1F688B}.Ad-Hoc|x64.ActiveCfg = Release|Any CPU
		{E59D7DB1-2465-4433-9CBC-5FECBF1F688B}.Ad-Hoc|x64.Build.0 = Release|Any CPU
		{E59D7DB1-2465-4433-9CBC-5FECBF1F688B}.Ad-Hoc|x64.Deploy.0 = Release|Any CPU
		{E59D7DB1-2465-4433-9CBC-5FECBF1F688B}.Ad-Hoc|x86.ActiveCfg = Release|Any CPU
		{E59D7DB1-2465-4433-9CBC-5FECBF1F688B}.Ad-Hoc|x86.Build.0 = Release|Any CPU
		{E59D7DB1-2465-4433-9CBC-5FECBF1F688B}.Ad-Hoc|x86.Deploy.0 = Release|Any CPU
		{E59D7DB1-2465-4433-9CBC-5FECBF1F688B}.AppStore|Any CPU.ActiveCfg = Release|Any CPU
		{E59D7DB1-2465-4433-9CBC-5FECBF1F688B}.AppStore|Any CPU.Build.0 = Release|Any CPU
		{E59D7DB1-2465-4433-9CBC-5FECBF1F688B}.AppStore|Any CPU.Deploy.0 = Release|Any CPU
		{E59D7DB1-2465-4433-9CBC-5FECBF1F688B}.AppStore|ARM.ActiveCfg = Release|Any CPU
		{E59D7DB1-2465-4433-9CBC-5FECBF1F688B}.AppStore|ARM.Build.0 = Release|Any CPU
		{E59D7DB1-2465-4433-9CBC-5FECBF1F688B}.AppStore|ARM.Deploy.0 = Release|Any CPU
		{E59D7DB1-2465-4433-9CBC-5FECBF1F688B}.AppStore|iPhone.ActiveCfg = Debug|Any CPU
		{E59D7DB1-2465-4433-9CBC-5FECBF1F688B}.AppStore|iPhone.Build.0 = Debug|Any CPU
		{E59D7DB1-2465-4433-9CBC-5FECBF1F688B}.AppStore|iPhoneSimulator.ActiveCfg = Release|Any CPU
		{E59D7DB1-2465-4433-9CBC-5FECBF1F688B}.AppStore|iPhoneSimulator.Build.0 = Release|Any CPU
		{E59D7DB1-2465-4433-9CBC-5FECBF1F688B}.AppStore|iPhoneSimulator.Deploy.0 = Release|Any CPU
		{E59D7DB1-2465-4433-9CBC-5FECBF1F688B}.AppStore|x64.ActiveCfg = Release|Any CPU
		{E59D7DB1-2465-4433-9CBC-5FECBF1F688B}.AppStore|x64.Build.0 = Release|Any CPU
		{E59D7DB1-2465-4433-9CBC-5FECBF1F688B}.AppStore|x64.Deploy.0 = Release|Any CPU
		{E59D7DB1-2465-4433-9CBC-5FECBF1F688B}.AppStore|x86.ActiveCfg = Release|Any CPU
		{E59D7DB1-2465-4433-9CBC-5FECBF1F688B}.AppStore|x86.Build.0 = Release|Any CPU
		{E59D7DB1-2465-4433-9CBC-5FECBF1F688B}.AppStore|x86.Deploy.0 = Release|Any CPU
		{E59D7DB1-2465-4433-9CBC-5FECBF1F688B}.Debug|Any CPU.ActiveCfg = Debug|Any CPU
		{E59D7DB1-2465-4433-9CBC-5FECBF1F688B}.Debug|Any CPU.Build.0 = Debug|Any CPU
		{E59D7DB1-2465-4433-9CBC-5FECBF1F688B}.Debug|Any CPU.Deploy.0 = Debug|Any CPU
		{E59D7DB1-2465-4433-9CBC-5FECBF1F688B}.Debug|ARM.ActiveCfg = Debug|Any CPU
		{E59D7DB1-2465-4433-9CBC-5FECBF1F688B}.Debug|ARM.Build.0 = Debug|Any CPU
		{E59D7DB1-2465-4433-9CBC-5FECBF1F688B}.Debug|ARM.Deploy.0 = Debug|Any CPU
		{E59D7DB1-2465-4433-9CBC-5FECBF1F688B}.Debug|iPhone.ActiveCfg = Debug|Any CPU
		{E59D7DB1-2465-4433-9CBC-5FECBF1F688B}.Debug|iPhone.Build.0 = Debug|Any CPU
		{E59D7DB1-2465-4433-9CBC-5FECBF1F688B}.Debug|iPhoneSimulator.ActiveCfg = Debug|Any CPU
		{E59D7DB1-2465-4433-9CBC-5FECBF1F688B}.Debug|iPhoneSimulator.Build.0 = Debug|Any CPU
		{E59D7DB1-2465-4433-9CBC-5FECBF1F688B}.Debug|x64.ActiveCfg = Debug|Any CPU
		{E59D7DB1-2465-4433-9CBC-5FECBF1F688B}.Debug|x64.Build.0 = Debug|Any CPU
		{E59D7DB1-2465-4433-9CBC-5FECBF1F688B}.Debug|x64.Deploy.0 = Debug|Any CPU
		{E59D7DB1-2465-4433-9CBC-5FECBF1F688B}.Debug|x86.ActiveCfg = Debug|Any CPU
		{E59D7DB1-2465-4433-9CBC-5FECBF1F688B}.Debug|x86.Build.0 = Debug|Any CPU
		{E59D7DB1-2465-4433-9CBC-5FECBF1F688B}.Debug|x86.Deploy.0 = Debug|Any CPU
		{E59D7DB1-2465-4433-9CBC-5FECBF1F688B}.Release|Any CPU.ActiveCfg = Release|Any CPU
		{E59D7DB1-2465-4433-9CBC-5FECBF1F688B}.Release|Any CPU.Build.0 = Release|Any CPU
		{E59D7DB1-2465-4433-9CBC-5FECBF1F688B}.Release|ARM.ActiveCfg = Release|Any CPU
		{E59D7DB1-2465-4433-9CBC-5FECBF1F688B}.Release|ARM.Build.0 = Release|Any CPU
		{E59D7DB1-2465-4433-9CBC-5FECBF1F688B}.Release|ARM.Deploy.0 = Release|Any CPU
		{E59D7DB1-2465-4433-9CBC-5FECBF1F688B}.Release|iPhone.ActiveCfg = Release|Any CPU
		{E59D7DB1-2465-4433-9CBC-5FECBF1F688B}.Release|iPhone.Build.0 = Release|Any CPU
		{E59D7DB1-2465-4433-9CBC-5FECBF1F688B}.Release|iPhoneSimulator.ActiveCfg = Release|Any CPU
		{E59D7DB1-2465-4433-9CBC-5FECBF1F688B}.Release|iPhoneSimulator.Build.0 = Release|Any CPU
		{E59D7DB1-2465-4433-9CBC-5FECBF1F688B}.Release|x64.ActiveCfg = Release|Any CPU
		{E59D7DB1-2465-4433-9CBC-5FECBF1F688B}.Release|x64.Build.0 = Release|Any CPU
		{E59D7DB1-2465-4433-9CBC-5FECBF1F688B}.Release|x64.Deploy.0 = Release|Any CPU
		{E59D7DB1-2465-4433-9CBC-5FECBF1F688B}.Release|x86.ActiveCfg = Release|Any CPU
		{E59D7DB1-2465-4433-9CBC-5FECBF1F688B}.Release|x86.Build.0 = Release|Any CPU
		{E59D7DB1-2465-4433-9CBC-5FECBF1F688B}.Release|x86.Deploy.0 = Release|Any CPU
		{26BCCBDD-8207-4371-A8DE-2D4198DBFE5C}.Ad-Hoc|Any CPU.ActiveCfg = Ad-Hoc|iPhoneSimulator
		{26BCCBDD-8207-4371-A8DE-2D4198DBFE5C}.Ad-Hoc|ARM.ActiveCfg = Ad-Hoc|iPhoneSimulator
		{26BCCBDD-8207-4371-A8DE-2D4198DBFE5C}.Ad-Hoc|iPhone.ActiveCfg = Ad-Hoc|iPhone
		{26BCCBDD-8207-4371-A8DE-2D4198DBFE5C}.Ad-Hoc|iPhone.Build.0 = Ad-Hoc|iPhone
		{26BCCBDD-8207-4371-A8DE-2D4198DBFE5C}.Ad-Hoc|iPhoneSimulator.ActiveCfg = Ad-Hoc|iPhoneSimulator
		{26BCCBDD-8207-4371-A8DE-2D4198DBFE5C}.Ad-Hoc|iPhoneSimulator.Build.0 = Ad-Hoc|iPhoneSimulator
		{26BCCBDD-8207-4371-A8DE-2D4198DBFE5C}.Ad-Hoc|x64.ActiveCfg = Ad-Hoc|iPhoneSimulator
		{26BCCBDD-8207-4371-A8DE-2D4198DBFE5C}.Ad-Hoc|x86.ActiveCfg = Ad-Hoc|iPhoneSimulator
		{26BCCBDD-8207-4371-A8DE-2D4198DBFE5C}.AppStore|Any CPU.ActiveCfg = AppStore|iPhoneSimulator
		{26BCCBDD-8207-4371-A8DE-2D4198DBFE5C}.AppStore|ARM.ActiveCfg = AppStore|iPhoneSimulator
		{26BCCBDD-8207-4371-A8DE-2D4198DBFE5C}.AppStore|iPhone.ActiveCfg = AppStore|iPhone
		{26BCCBDD-8207-4371-A8DE-2D4198DBFE5C}.AppStore|iPhone.Build.0 = AppStore|iPhone
		{26BCCBDD-8207-4371-A8DE-2D4198DBFE5C}.AppStore|iPhoneSimulator.ActiveCfg = AppStore|iPhoneSimulator
		{26BCCBDD-8207-4371-A8DE-2D4198DBFE5C}.AppStore|iPhoneSimulator.Build.0 = AppStore|iPhoneSimulator
		{26BCCBDD-8207-4371-A8DE-2D4198DBFE5C}.AppStore|x64.ActiveCfg = AppStore|iPhoneSimulator
		{26BCCBDD-8207-4371-A8DE-2D4198DBFE5C}.AppStore|x86.ActiveCfg = AppStore|iPhoneSimulator
		{26BCCBDD-8207-4371-A8DE-2D4198DBFE5C}.Debug|Any CPU.ActiveCfg = Debug|iPhoneSimulator
		{26BCCBDD-8207-4371-A8DE-2D4198DBFE5C}.Debug|Any CPU.Build.0 = Debug|iPhoneSimulator
		{26BCCBDD-8207-4371-A8DE-2D4198DBFE5C}.Debug|ARM.ActiveCfg = Debug|iPhone
		{26BCCBDD-8207-4371-A8DE-2D4198DBFE5C}.Debug|iPhone.ActiveCfg = Debug|iPhone
		{26BCCBDD-8207-4371-A8DE-2D4198DBFE5C}.Debug|iPhone.Build.0 = Debug|iPhone
		{26BCCBDD-8207-4371-A8DE-2D4198DBFE5C}.Debug|iPhoneSimulator.ActiveCfg = Debug|iPhoneSimulator
		{26BCCBDD-8207-4371-A8DE-2D4198DBFE5C}.Debug|iPhoneSimulator.Build.0 = Debug|iPhoneSimulator
		{26BCCBDD-8207-4371-A8DE-2D4198DBFE5C}.Debug|x64.ActiveCfg = Debug|iPhone
		{26BCCBDD-8207-4371-A8DE-2D4198DBFE5C}.Debug|x86.ActiveCfg = Debug|iPhone
		{26BCCBDD-8207-4371-A8DE-2D4198DBFE5C}.Debug|x86.Build.0 = Debug|iPhone
		{26BCCBDD-8207-4371-A8DE-2D4198DBFE5C}.Release|Any CPU.ActiveCfg = Release|iPhoneSimulator
		{26BCCBDD-8207-4371-A8DE-2D4198DBFE5C}.Release|Any CPU.Build.0 = Release|iPhoneSimulator
		{26BCCBDD-8207-4371-A8DE-2D4198DBFE5C}.Release|ARM.ActiveCfg = Release|iPhone
		{26BCCBDD-8207-4371-A8DE-2D4198DBFE5C}.Release|iPhone.ActiveCfg = Release|iPhone
		{26BCCBDD-8207-4371-A8DE-2D4198DBFE5C}.Release|iPhone.Build.0 = Release|iPhone
		{26BCCBDD-8207-4371-A8DE-2D4198DBFE5C}.Release|iPhoneSimulator.ActiveCfg = Release|iPhoneSimulator
		{26BCCBDD-8207-4371-A8DE-2D4198DBFE5C}.Release|iPhoneSimulator.Build.0 = Release|iPhoneSimulator
		{26BCCBDD-8207-4371-A8DE-2D4198DBFE5C}.Release|x64.ActiveCfg = Release|iPhone
		{26BCCBDD-8207-4371-A8DE-2D4198DBFE5C}.Release|x86.ActiveCfg = Release|iPhone
		{7C0BC7C7-BB2E-419C-BA19-B1B0EBB21D89}.Ad-Hoc|Any CPU.ActiveCfg = Release|Any CPU
		{7C0BC7C7-BB2E-419C-BA19-B1B0EBB21D89}.Ad-Hoc|Any CPU.Build.0 = Release|Any CPU
		{7C0BC7C7-BB2E-419C-BA19-B1B0EBB21D89}.Ad-Hoc|ARM.ActiveCfg = Release|Any CPU
		{7C0BC7C7-BB2E-419C-BA19-B1B0EBB21D89}.Ad-Hoc|ARM.Build.0 = Release|Any CPU
		{7C0BC7C7-BB2E-419C-BA19-B1B0EBB21D89}.Ad-Hoc|iPhone.ActiveCfg = Debug|Any CPU
		{7C0BC7C7-BB2E-419C-BA19-B1B0EBB21D89}.Ad-Hoc|iPhone.Build.0 = Debug|Any CPU
		{7C0BC7C7-BB2E-419C-BA19-B1B0EBB21D89}.Ad-Hoc|iPhoneSimulator.ActiveCfg = Release|Any CPU
		{7C0BC7C7-BB2E-419C-BA19-B1B0EBB21D89}.Ad-Hoc|iPhoneSimulator.Build.0 = Release|Any CPU
		{7C0BC7C7-BB2E-419C-BA19-B1B0EBB21D89}.Ad-Hoc|x64.ActiveCfg = Release|Any CPU
		{7C0BC7C7-BB2E-419C-BA19-B1B0EBB21D89}.Ad-Hoc|x64.Build.0 = Release|Any CPU
		{7C0BC7C7-BB2E-419C-BA19-B1B0EBB21D89}.Ad-Hoc|x86.ActiveCfg = Release|Any CPU
		{7C0BC7C7-BB2E-419C-BA19-B1B0EBB21D89}.Ad-Hoc|x86.Build.0 = Release|Any CPU
		{7C0BC7C7-BB2E-419C-BA19-B1B0EBB21D89}.AppStore|Any CPU.ActiveCfg = Release|Any CPU
		{7C0BC7C7-BB2E-419C-BA19-B1B0EBB21D89}.AppStore|Any CPU.Build.0 = Release|Any CPU
		{7C0BC7C7-BB2E-419C-BA19-B1B0EBB21D89}.AppStore|ARM.ActiveCfg = Release|Any CPU
		{7C0BC7C7-BB2E-419C-BA19-B1B0EBB21D89}.AppStore|ARM.Build.0 = Release|Any CPU
		{7C0BC7C7-BB2E-419C-BA19-B1B0EBB21D89}.AppStore|iPhone.ActiveCfg = Debug|Any CPU
		{7C0BC7C7-BB2E-419C-BA19-B1B0EBB21D89}.AppStore|iPhone.Build.0 = Debug|Any CPU
		{7C0BC7C7-BB2E-419C-BA19-B1B0EBB21D89}.AppStore|iPhoneSimulator.ActiveCfg = Release|Any CPU
		{7C0BC7C7-BB2E-419C-BA19-B1B0EBB21D89}.AppStore|iPhoneSimulator.Build.0 = Release|Any CPU
		{7C0BC7C7-BB2E-419C-BA19-B1B0EBB21D89}.AppStore|x64.ActiveCfg = Release|Any CPU
		{7C0BC7C7-BB2E-419C-BA19-B1B0EBB21D89}.AppStore|x64.Build.0 = Release|Any CPU
		{7C0BC7C7-BB2E-419C-BA19-B1B0EBB21D89}.AppStore|x86.ActiveCfg = Release|Any CPU
		{7C0BC7C7-BB2E-419C-BA19-B1B0EBB21D89}.AppStore|x86.Build.0 = Release|Any CPU
		{7C0BC7C7-BB2E-419C-BA19-B1B0EBB21D89}.Debug|Any CPU.ActiveCfg = Debug|Any CPU
		{7C0BC7C7-BB2E-419C-BA19-B1B0EBB21D89}.Debug|Any CPU.Build.0 = Debug|Any CPU
		{7C0BC7C7-BB2E-419C-BA19-B1B0EBB21D89}.Debug|ARM.ActiveCfg = Debug|Any CPU
		{7C0BC7C7-BB2E-419C-BA19-B1B0EBB21D89}.Debug|ARM.Build.0 = Debug|Any CPU
		{7C0BC7C7-BB2E-419C-BA19-B1B0EBB21D89}.Debug|iPhone.ActiveCfg = Debug|Any CPU
		{7C0BC7C7-BB2E-419C-BA19-B1B0EBB21D89}.Debug|iPhone.Build.0 = Debug|Any CPU
		{7C0BC7C7-BB2E-419C-BA19-B1B0EBB21D89}.Debug|iPhoneSimulator.ActiveCfg = Debug|Any CPU
		{7C0BC7C7-BB2E-419C-BA19-B1B0EBB21D89}.Debug|iPhoneSimulator.Build.0 = Debug|Any CPU
		{7C0BC7C7-BB2E-419C-BA19-B1B0EBB21D89}.Debug|x64.ActiveCfg = Debug|Any CPU
		{7C0BC7C7-BB2E-419C-BA19-B1B0EBB21D89}.Debug|x64.Build.0 = Debug|Any CPU
		{7C0BC7C7-BB2E-419C-BA19-B1B0EBB21D89}.Debug|x86.ActiveCfg = Debug|Any CPU
		{7C0BC7C7-BB2E-419C-BA19-B1B0EBB21D89}.Debug|x86.Build.0 = Debug|Any CPU
		{7C0BC7C7-BB2E-419C-BA19-B1B0EBB21D89}.Release|Any CPU.ActiveCfg = Release|Any CPU
		{7C0BC7C7-BB2E-419C-BA19-B1B0EBB21D89}.Release|Any CPU.Build.0 = Release|Any CPU
		{7C0BC7C7-BB2E-419C-BA19-B1B0EBB21D89}.Release|ARM.ActiveCfg = Release|Any CPU
		{7C0BC7C7-BB2E-419C-BA19-B1B0EBB21D89}.Release|ARM.Build.0 = Release|Any CPU
		{7C0BC7C7-BB2E-419C-BA19-B1B0EBB21D89}.Release|iPhone.ActiveCfg = Release|Any CPU
		{7C0BC7C7-BB2E-419C-BA19-B1B0EBB21D89}.Release|iPhone.Build.0 = Release|Any CPU
		{7C0BC7C7-BB2E-419C-BA19-B1B0EBB21D89}.Release|iPhoneSimulator.ActiveCfg = Release|Any CPU
		{7C0BC7C7-BB2E-419C-BA19-B1B0EBB21D89}.Release|iPhoneSimulator.Build.0 = Release|Any CPU
		{7C0BC7C7-BB2E-419C-BA19-B1B0EBB21D89}.Release|x64.ActiveCfg = Release|Any CPU
		{7C0BC7C7-BB2E-419C-BA19-B1B0EBB21D89}.Release|x64.Build.0 = Release|Any CPU
		{7C0BC7C7-BB2E-419C-BA19-B1B0EBB21D89}.Release|x86.ActiveCfg = Release|Any CPU
		{7C0BC7C7-BB2E-419C-BA19-B1B0EBB21D89}.Release|x86.Build.0 = Release|Any CPU
		{88379534-E3EF-4232-B515-02E2E8194AB2}.Ad-Hoc|Any CPU.ActiveCfg = Release|Any CPU
		{88379534-E3EF-4232-B515-02E2E8194AB2}.Ad-Hoc|Any CPU.Build.0 = Release|Any CPU
		{88379534-E3EF-4232-B515-02E2E8194AB2}.Ad-Hoc|ARM.ActiveCfg = Release|Any CPU
		{88379534-E3EF-4232-B515-02E2E8194AB2}.Ad-Hoc|ARM.Build.0 = Release|Any CPU
		{88379534-E3EF-4232-B515-02E2E8194AB2}.Ad-Hoc|iPhone.ActiveCfg = Debug|Any CPU
		{88379534-E3EF-4232-B515-02E2E8194AB2}.Ad-Hoc|iPhone.Build.0 = Debug|Any CPU
		{88379534-E3EF-4232-B515-02E2E8194AB2}.Ad-Hoc|iPhoneSimulator.ActiveCfg = Release|Any CPU
		{88379534-E3EF-4232-B515-02E2E8194AB2}.Ad-Hoc|iPhoneSimulator.Build.0 = Release|Any CPU
		{88379534-E3EF-4232-B515-02E2E8194AB2}.Ad-Hoc|x64.ActiveCfg = Release|Any CPU
		{88379534-E3EF-4232-B515-02E2E8194AB2}.Ad-Hoc|x64.Build.0 = Release|Any CPU
		{88379534-E3EF-4232-B515-02E2E8194AB2}.Ad-Hoc|x86.ActiveCfg = Release|Any CPU
		{88379534-E3EF-4232-B515-02E2E8194AB2}.Ad-Hoc|x86.Build.0 = Release|Any CPU
		{88379534-E3EF-4232-B515-02E2E8194AB2}.AppStore|Any CPU.ActiveCfg = Release|Any CPU
		{88379534-E3EF-4232-B515-02E2E8194AB2}.AppStore|Any CPU.Build.0 = Release|Any CPU
		{88379534-E3EF-4232-B515-02E2E8194AB2}.AppStore|ARM.ActiveCfg = Release|Any CPU
		{88379534-E3EF-4232-B515-02E2E8194AB2}.AppStore|ARM.Build.0 = Release|Any CPU
		{88379534-E3EF-4232-B515-02E2E8194AB2}.AppStore|iPhone.ActiveCfg = Debug|Any CPU
		{88379534-E3EF-4232-B515-02E2E8194AB2}.AppStore|iPhone.Build.0 = Debug|Any CPU
		{88379534-E3EF-4232-B515-02E2E8194AB2}.AppStore|iPhoneSimulator.ActiveCfg = Release|Any CPU
		{88379534-E3EF-4232-B515-02E2E8194AB2}.AppStore|iPhoneSimulator.Build.0 = Release|Any CPU
		{88379534-E3EF-4232-B515-02E2E8194AB2}.AppStore|x64.ActiveCfg = Release|Any CPU
		{88379534-E3EF-4232-B515-02E2E8194AB2}.AppStore|x64.Build.0 = Release|Any CPU
		{88379534-E3EF-4232-B515-02E2E8194AB2}.AppStore|x86.ActiveCfg = Release|Any CPU
		{88379534-E3EF-4232-B515-02E2E8194AB2}.AppStore|x86.Build.0 = Release|Any CPU
		{88379534-E3EF-4232-B515-02E2E8194AB2}.Debug|Any CPU.ActiveCfg = Debug|Any CPU
		{88379534-E3EF-4232-B515-02E2E8194AB2}.Debug|Any CPU.Build.0 = Debug|Any CPU
		{88379534-E3EF-4232-B515-02E2E8194AB2}.Debug|ARM.ActiveCfg = Debug|Any CPU
		{88379534-E3EF-4232-B515-02E2E8194AB2}.Debug|ARM.Build.0 = Debug|Any CPU
		{88379534-E3EF-4232-B515-02E2E8194AB2}.Debug|iPhone.ActiveCfg = Debug|Any CPU
		{88379534-E3EF-4232-B515-02E2E8194AB2}.Debug|iPhone.Build.0 = Debug|Any CPU
		{88379534-E3EF-4232-B515-02E2E8194AB2}.Debug|iPhoneSimulator.ActiveCfg = Debug|Any CPU
		{88379534-E3EF-4232-B515-02E2E8194AB2}.Debug|iPhoneSimulator.Build.0 = Debug|Any CPU
		{88379534-E3EF-4232-B515-02E2E8194AB2}.Debug|x64.ActiveCfg = Debug|Any CPU
		{88379534-E3EF-4232-B515-02E2E8194AB2}.Debug|x64.Build.0 = Debug|Any CPU
		{88379534-E3EF-4232-B515-02E2E8194AB2}.Debug|x86.ActiveCfg = Debug|Any CPU
		{88379534-E3EF-4232-B515-02E2E8194AB2}.Debug|x86.Build.0 = Debug|Any CPU
		{88379534-E3EF-4232-B515-02E2E8194AB2}.Release|Any CPU.ActiveCfg = Release|Any CPU
		{88379534-E3EF-4232-B515-02E2E8194AB2}.Release|Any CPU.Build.0 = Release|Any CPU
		{88379534-E3EF-4232-B515-02E2E8194AB2}.Release|ARM.ActiveCfg = Release|Any CPU
		{88379534-E3EF-4232-B515-02E2E8194AB2}.Release|ARM.Build.0 = Release|Any CPU
		{88379534-E3EF-4232-B515-02E2E8194AB2}.Release|iPhone.ActiveCfg = Release|Any CPU
		{88379534-E3EF-4232-B515-02E2E8194AB2}.Release|iPhone.Build.0 = Release|Any CPU
		{88379534-E3EF-4232-B515-02E2E8194AB2}.Release|iPhoneSimulator.ActiveCfg = Release|Any CPU
		{88379534-E3EF-4232-B515-02E2E8194AB2}.Release|iPhoneSimulator.Build.0 = Release|Any CPU
		{88379534-E3EF-4232-B515-02E2E8194AB2}.Release|x64.ActiveCfg = Release|Any CPU
		{88379534-E3EF-4232-B515-02E2E8194AB2}.Release|x64.Build.0 = Release|Any CPU
		{88379534-E3EF-4232-B515-02E2E8194AB2}.Release|x86.ActiveCfg = Release|Any CPU
		{88379534-E3EF-4232-B515-02E2E8194AB2}.Release|x86.Build.0 = Release|Any CPU
		{7DC7B1B6-BA30-45F0-B902-6749E2769493}.Ad-Hoc|Any CPU.ActiveCfg = Release|Any CPU
		{7DC7B1B6-BA30-45F0-B902-6749E2769493}.Ad-Hoc|Any CPU.Build.0 = Release|Any CPU
		{7DC7B1B6-BA30-45F0-B902-6749E2769493}.Ad-Hoc|ARM.ActiveCfg = Release|Any CPU
		{7DC7B1B6-BA30-45F0-B902-6749E2769493}.Ad-Hoc|ARM.Build.0 = Release|Any CPU
		{7DC7B1B6-BA30-45F0-B902-6749E2769493}.Ad-Hoc|iPhone.ActiveCfg = Release|Any CPU
		{7DC7B1B6-BA30-45F0-B902-6749E2769493}.Ad-Hoc|iPhone.Build.0 = Release|Any CPU
		{7DC7B1B6-BA30-45F0-B902-6749E2769493}.Ad-Hoc|iPhoneSimulator.ActiveCfg = Release|Any CPU
		{7DC7B1B6-BA30-45F0-B902-6749E2769493}.Ad-Hoc|iPhoneSimulator.Build.0 = Release|Any CPU
		{7DC7B1B6-BA30-45F0-B902-6749E2769493}.Ad-Hoc|x64.ActiveCfg = Release|Any CPU
		{7DC7B1B6-BA30-45F0-B902-6749E2769493}.Ad-Hoc|x64.Build.0 = Release|Any CPU
		{7DC7B1B6-BA30-45F0-B902-6749E2769493}.Ad-Hoc|x86.ActiveCfg = Release|Any CPU
		{7DC7B1B6-BA30-45F0-B902-6749E2769493}.Ad-Hoc|x86.Build.0 = Release|Any CPU
		{7DC7B1B6-BA30-45F0-B902-6749E2769493}.AppStore|Any CPU.ActiveCfg = Release|Any CPU
		{7DC7B1B6-BA30-45F0-B902-6749E2769493}.AppStore|Any CPU.Build.0 = Release|Any CPU
		{7DC7B1B6-BA30-45F0-B902-6749E2769493}.AppStore|ARM.ActiveCfg = Release|Any CPU
		{7DC7B1B6-BA30-45F0-B902-6749E2769493}.AppStore|ARM.Build.0 = Release|Any CPU
		{7DC7B1B6-BA30-45F0-B902-6749E2769493}.AppStore|iPhone.ActiveCfg = Release|Any CPU
		{7DC7B1B6-BA30-45F0-B902-6749E2769493}.AppStore|iPhone.Build.0 = Release|Any CPU
		{7DC7B1B6-BA30-45F0-B902-6749E2769493}.AppStore|iPhoneSimulator.ActiveCfg = Release|Any CPU
		{7DC7B1B6-BA30-45F0-B902-6749E2769493}.AppStore|iPhoneSimulator.Build.0 = Release|Any CPU
		{7DC7B1B6-BA30-45F0-B902-6749E2769493}.AppStore|x64.ActiveCfg = Release|Any CPU
		{7DC7B1B6-BA30-45F0-B902-6749E2769493}.AppStore|x64.Build.0 = Release|Any CPU
		{7DC7B1B6-BA30-45F0-B902-6749E2769493}.AppStore|x86.ActiveCfg = Release|Any CPU
		{7DC7B1B6-BA30-45F0-B902-6749E2769493}.AppStore|x86.Build.0 = Release|Any CPU
		{7DC7B1B6-BA30-45F0-B902-6749E2769493}.Debug|Any CPU.ActiveCfg = Debug|Any CPU
		{7DC7B1B6-BA30-45F0-B902-6749E2769493}.Debug|Any CPU.Build.0 = Debug|Any CPU
		{7DC7B1B6-BA30-45F0-B902-6749E2769493}.Debug|ARM.ActiveCfg = Debug|Any CPU
		{7DC7B1B6-BA30-45F0-B902-6749E2769493}.Debug|ARM.Build.0 = Debug|Any CPU
		{7DC7B1B6-BA30-45F0-B902-6749E2769493}.Debug|iPhone.ActiveCfg = Debug|Any CPU
		{7DC7B1B6-BA30-45F0-B902-6749E2769493}.Debug|iPhone.Build.0 = Debug|Any CPU
		{7DC7B1B6-BA30-45F0-B902-6749E2769493}.Debug|iPhoneSimulator.ActiveCfg = Debug|Any CPU
		{7DC7B1B6-BA30-45F0-B902-6749E2769493}.Debug|iPhoneSimulator.Build.0 = Debug|Any CPU
		{7DC7B1B6-BA30-45F0-B902-6749E2769493}.Debug|x64.ActiveCfg = Debug|Any CPU
		{7DC7B1B6-BA30-45F0-B902-6749E2769493}.Debug|x64.Build.0 = Debug|Any CPU
		{7DC7B1B6-BA30-45F0-B902-6749E2769493}.Debug|x86.ActiveCfg = Debug|Any CPU
		{7DC7B1B6-BA30-45F0-B902-6749E2769493}.Debug|x86.Build.0 = Debug|Any CPU
		{7DC7B1B6-BA30-45F0-B902-6749E2769493}.Release|Any CPU.ActiveCfg = Release|Any CPU
		{7DC7B1B6-BA30-45F0-B902-6749E2769493}.Release|Any CPU.Build.0 = Release|Any CPU
		{7DC7B1B6-BA30-45F0-B902-6749E2769493}.Release|ARM.ActiveCfg = Release|Any CPU
		{7DC7B1B6-BA30-45F0-B902-6749E2769493}.Release|ARM.Build.0 = Release|Any CPU
		{7DC7B1B6-BA30-45F0-B902-6749E2769493}.Release|iPhone.ActiveCfg = Release|Any CPU
		{7DC7B1B6-BA30-45F0-B902-6749E2769493}.Release|iPhone.Build.0 = Release|Any CPU
		{7DC7B1B6-BA30-45F0-B902-6749E2769493}.Release|iPhoneSimulator.ActiveCfg = Release|Any CPU
		{7DC7B1B6-BA30-45F0-B902-6749E2769493}.Release|iPhoneSimulator.Build.0 = Release|Any CPU
		{7DC7B1B6-BA30-45F0-B902-6749E2769493}.Release|x64.ActiveCfg = Release|Any CPU
		{7DC7B1B6-BA30-45F0-B902-6749E2769493}.Release|x64.Build.0 = Release|Any CPU
		{7DC7B1B6-BA30-45F0-B902-6749E2769493}.Release|x86.ActiveCfg = Release|Any CPU
		{7DC7B1B6-BA30-45F0-B902-6749E2769493}.Release|x86.Build.0 = Release|Any CPU
		{4EB7530E-A9B6-427D-9572-12E855FAB576}.Ad-Hoc|Any CPU.ActiveCfg = Release|Any CPU
		{4EB7530E-A9B6-427D-9572-12E855FAB576}.Ad-Hoc|Any CPU.Build.0 = Release|Any CPU
		{4EB7530E-A9B6-427D-9572-12E855FAB576}.Ad-Hoc|ARM.ActiveCfg = Release|Any CPU
		{4EB7530E-A9B6-427D-9572-12E855FAB576}.Ad-Hoc|ARM.Build.0 = Release|Any CPU
		{4EB7530E-A9B6-427D-9572-12E855FAB576}.Ad-Hoc|iPhone.ActiveCfg = Release|Any CPU
		{4EB7530E-A9B6-427D-9572-12E855FAB576}.Ad-Hoc|iPhone.Build.0 = Release|Any CPU
		{4EB7530E-A9B6-427D-9572-12E855FAB576}.Ad-Hoc|iPhoneSimulator.ActiveCfg = Release|Any CPU
		{4EB7530E-A9B6-427D-9572-12E855FAB576}.Ad-Hoc|iPhoneSimulator.Build.0 = Release|Any CPU
		{4EB7530E-A9B6-427D-9572-12E855FAB576}.Ad-Hoc|x64.ActiveCfg = Release|Any CPU
		{4EB7530E-A9B6-427D-9572-12E855FAB576}.Ad-Hoc|x64.Build.0 = Release|Any CPU
		{4EB7530E-A9B6-427D-9572-12E855FAB576}.Ad-Hoc|x86.ActiveCfg = Release|Any CPU
		{4EB7530E-A9B6-427D-9572-12E855FAB576}.Ad-Hoc|x86.Build.0 = Release|Any CPU
		{4EB7530E-A9B6-427D-9572-12E855FAB576}.AppStore|Any CPU.ActiveCfg = Release|Any CPU
		{4EB7530E-A9B6-427D-9572-12E855FAB576}.AppStore|Any CPU.Build.0 = Release|Any CPU
		{4EB7530E-A9B6-427D-9572-12E855FAB576}.AppStore|ARM.ActiveCfg = Release|Any CPU
		{4EB7530E-A9B6-427D-9572-12E855FAB576}.AppStore|ARM.Build.0 = Release|Any CPU
		{4EB7530E-A9B6-427D-9572-12E855FAB576}.AppStore|iPhone.ActiveCfg = Release|Any CPU
		{4EB7530E-A9B6-427D-9572-12E855FAB576}.AppStore|iPhone.Build.0 = Release|Any CPU
		{4EB7530E-A9B6-427D-9572-12E855FAB576}.AppStore|iPhoneSimulator.ActiveCfg = Release|Any CPU
		{4EB7530E-A9B6-427D-9572-12E855FAB576}.AppStore|iPhoneSimulator.Build.0 = Release|Any CPU
		{4EB7530E-A9B6-427D-9572-12E855FAB576}.AppStore|x64.ActiveCfg = Release|Any CPU
		{4EB7530E-A9B6-427D-9572-12E855FAB576}.AppStore|x64.Build.0 = Release|Any CPU
		{4EB7530E-A9B6-427D-9572-12E855FAB576}.AppStore|x86.ActiveCfg = Release|Any CPU
		{4EB7530E-A9B6-427D-9572-12E855FAB576}.AppStore|x86.Build.0 = Release|Any CPU
		{4EB7530E-A9B6-427D-9572-12E855FAB576}.Debug|Any CPU.ActiveCfg = Debug|Any CPU
		{4EB7530E-A9B6-427D-9572-12E855FAB576}.Debug|Any CPU.Build.0 = Debug|Any CPU
		{4EB7530E-A9B6-427D-9572-12E855FAB576}.Debug|ARM.ActiveCfg = Debug|Any CPU
		{4EB7530E-A9B6-427D-9572-12E855FAB576}.Debug|ARM.Build.0 = Debug|Any CPU
		{4EB7530E-A9B6-427D-9572-12E855FAB576}.Debug|iPhone.ActiveCfg = Debug|Any CPU
		{4EB7530E-A9B6-427D-9572-12E855FAB576}.Debug|iPhone.Build.0 = Debug|Any CPU
		{4EB7530E-A9B6-427D-9572-12E855FAB576}.Debug|iPhoneSimulator.ActiveCfg = Debug|Any CPU
		{4EB7530E-A9B6-427D-9572-12E855FAB576}.Debug|iPhoneSimulator.Build.0 = Debug|Any CPU
		{4EB7530E-A9B6-427D-9572-12E855FAB576}.Debug|x64.ActiveCfg = Debug|Any CPU
		{4EB7530E-A9B6-427D-9572-12E855FAB576}.Debug|x64.Build.0 = Debug|Any CPU
		{4EB7530E-A9B6-427D-9572-12E855FAB576}.Debug|x86.ActiveCfg = Debug|Any CPU
		{4EB7530E-A9B6-427D-9572-12E855FAB576}.Debug|x86.Build.0 = Debug|Any CPU
		{4EB7530E-A9B6-427D-9572-12E855FAB576}.Release|Any CPU.ActiveCfg = Release|Any CPU
		{4EB7530E-A9B6-427D-9572-12E855FAB576}.Release|Any CPU.Build.0 = Release|Any CPU
		{4EB7530E-A9B6-427D-9572-12E855FAB576}.Release|ARM.ActiveCfg = Release|Any CPU
		{4EB7530E-A9B6-427D-9572-12E855FAB576}.Release|ARM.Build.0 = Release|Any CPU
		{4EB7530E-A9B6-427D-9572-12E855FAB576}.Release|iPhone.ActiveCfg = Release|Any CPU
		{4EB7530E-A9B6-427D-9572-12E855FAB576}.Release|iPhone.Build.0 = Release|Any CPU
		{4EB7530E-A9B6-427D-9572-12E855FAB576}.Release|iPhoneSimulator.ActiveCfg = Release|Any CPU
		{4EB7530E-A9B6-427D-9572-12E855FAB576}.Release|iPhoneSimulator.Build.0 = Release|Any CPU
		{4EB7530E-A9B6-427D-9572-12E855FAB576}.Release|x64.ActiveCfg = Release|Any CPU
		{4EB7530E-A9B6-427D-9572-12E855FAB576}.Release|x64.Build.0 = Release|Any CPU
		{4EB7530E-A9B6-427D-9572-12E855FAB576}.Release|x86.ActiveCfg = Release|Any CPU
		{4EB7530E-A9B6-427D-9572-12E855FAB576}.Release|x86.Build.0 = Release|Any CPU
		{D0A3E30D-C5F1-40B7-BDBF-D9D76B3538BC}.Ad-Hoc|Any CPU.ActiveCfg = Release|x64
		{D0A3E30D-C5F1-40B7-BDBF-D9D76B3538BC}.Ad-Hoc|Any CPU.Build.0 = Release|x64
		{D0A3E30D-C5F1-40B7-BDBF-D9D76B3538BC}.Ad-Hoc|Any CPU.Deploy.0 = Release|x64
		{D0A3E30D-C5F1-40B7-BDBF-D9D76B3538BC}.Ad-Hoc|ARM.ActiveCfg = Release|ARM
		{D0A3E30D-C5F1-40B7-BDBF-D9D76B3538BC}.Ad-Hoc|ARM.Build.0 = Release|ARM
		{D0A3E30D-C5F1-40B7-BDBF-D9D76B3538BC}.Ad-Hoc|ARM.Deploy.0 = Release|ARM
		{D0A3E30D-C5F1-40B7-BDBF-D9D76B3538BC}.Ad-Hoc|iPhone.ActiveCfg = Release|x64
		{D0A3E30D-C5F1-40B7-BDBF-D9D76B3538BC}.Ad-Hoc|iPhone.Build.0 = Release|x64
		{D0A3E30D-C5F1-40B7-BDBF-D9D76B3538BC}.Ad-Hoc|iPhone.Deploy.0 = Release|x64
		{D0A3E30D-C5F1-40B7-BDBF-D9D76B3538BC}.Ad-Hoc|iPhoneSimulator.ActiveCfg = Release|x64
		{D0A3E30D-C5F1-40B7-BDBF-D9D76B3538BC}.Ad-Hoc|iPhoneSimulator.Build.0 = Release|x64
		{D0A3E30D-C5F1-40B7-BDBF-D9D76B3538BC}.Ad-Hoc|iPhoneSimulator.Deploy.0 = Release|x64
		{D0A3E30D-C5F1-40B7-BDBF-D9D76B3538BC}.Ad-Hoc|x64.ActiveCfg = Release|x64
		{D0A3E30D-C5F1-40B7-BDBF-D9D76B3538BC}.Ad-Hoc|x64.Build.0 = Release|x64
		{D0A3E30D-C5F1-40B7-BDBF-D9D76B3538BC}.Ad-Hoc|x64.Deploy.0 = Release|x64
		{D0A3E30D-C5F1-40B7-BDBF-D9D76B3538BC}.Ad-Hoc|x86.ActiveCfg = Release|x86
		{D0A3E30D-C5F1-40B7-BDBF-D9D76B3538BC}.Ad-Hoc|x86.Build.0 = Release|x86
		{D0A3E30D-C5F1-40B7-BDBF-D9D76B3538BC}.Ad-Hoc|x86.Deploy.0 = Release|x86
		{D0A3E30D-C5F1-40B7-BDBF-D9D76B3538BC}.AppStore|Any CPU.ActiveCfg = Release|x64
		{D0A3E30D-C5F1-40B7-BDBF-D9D76B3538BC}.AppStore|Any CPU.Build.0 = Release|x64
		{D0A3E30D-C5F1-40B7-BDBF-D9D76B3538BC}.AppStore|Any CPU.Deploy.0 = Release|x64
		{D0A3E30D-C5F1-40B7-BDBF-D9D76B3538BC}.AppStore|ARM.ActiveCfg = Release|ARM
		{D0A3E30D-C5F1-40B7-BDBF-D9D76B3538BC}.AppStore|ARM.Build.0 = Release|ARM
		{D0A3E30D-C5F1-40B7-BDBF-D9D76B3538BC}.AppStore|ARM.Deploy.0 = Release|ARM
		{D0A3E30D-C5F1-40B7-BDBF-D9D76B3538BC}.AppStore|iPhone.ActiveCfg = Release|x64
		{D0A3E30D-C5F1-40B7-BDBF-D9D76B3538BC}.AppStore|iPhone.Build.0 = Release|x64
		{D0A3E30D-C5F1-40B7-BDBF-D9D76B3538BC}.AppStore|iPhone.Deploy.0 = Release|x64
		{D0A3E30D-C5F1-40B7-BDBF-D9D76B3538BC}.AppStore|iPhoneSimulator.ActiveCfg = Release|x64
		{D0A3E30D-C5F1-40B7-BDBF-D9D76B3538BC}.AppStore|iPhoneSimulator.Build.0 = Release|x64
		{D0A3E30D-C5F1-40B7-BDBF-D9D76B3538BC}.AppStore|iPhoneSimulator.Deploy.0 = Release|x64
		{D0A3E30D-C5F1-40B7-BDBF-D9D76B3538BC}.AppStore|x64.ActiveCfg = Release|x64
		{D0A3E30D-C5F1-40B7-BDBF-D9D76B3538BC}.AppStore|x64.Build.0 = Release|x64
		{D0A3E30D-C5F1-40B7-BDBF-D9D76B3538BC}.AppStore|x64.Deploy.0 = Release|x64
		{D0A3E30D-C5F1-40B7-BDBF-D9D76B3538BC}.AppStore|x86.ActiveCfg = Release|x86
		{D0A3E30D-C5F1-40B7-BDBF-D9D76B3538BC}.AppStore|x86.Build.0 = Release|x86
		{D0A3E30D-C5F1-40B7-BDBF-D9D76B3538BC}.AppStore|x86.Deploy.0 = Release|x86
		{D0A3E30D-C5F1-40B7-BDBF-D9D76B3538BC}.Debug|Any CPU.ActiveCfg = Debug|x86
		{D0A3E30D-C5F1-40B7-BDBF-D9D76B3538BC}.Debug|Any CPU.Build.0 = Debug|x86
		{D0A3E30D-C5F1-40B7-BDBF-D9D76B3538BC}.Debug|Any CPU.Deploy.0 = Debug|x86
		{D0A3E30D-C5F1-40B7-BDBF-D9D76B3538BC}.Debug|ARM.ActiveCfg = Debug|ARM
		{D0A3E30D-C5F1-40B7-BDBF-D9D76B3538BC}.Debug|ARM.Build.0 = Debug|ARM
		{D0A3E30D-C5F1-40B7-BDBF-D9D76B3538BC}.Debug|ARM.Deploy.0 = Debug|ARM
		{D0A3E30D-C5F1-40B7-BDBF-D9D76B3538BC}.Debug|iPhone.ActiveCfg = Debug|x86
		{D0A3E30D-C5F1-40B7-BDBF-D9D76B3538BC}.Debug|iPhoneSimulator.ActiveCfg = Debug|x86
		{D0A3E30D-C5F1-40B7-BDBF-D9D76B3538BC}.Debug|x64.ActiveCfg = Debug|x64
		{D0A3E30D-C5F1-40B7-BDBF-D9D76B3538BC}.Debug|x64.Build.0 = Debug|x64
		{D0A3E30D-C5F1-40B7-BDBF-D9D76B3538BC}.Debug|x64.Deploy.0 = Debug|x64
		{D0A3E30D-C5F1-40B7-BDBF-D9D76B3538BC}.Debug|x86.ActiveCfg = Debug|x86
		{D0A3E30D-C5F1-40B7-BDBF-D9D76B3538BC}.Debug|x86.Build.0 = Debug|x86
		{D0A3E30D-C5F1-40B7-BDBF-D9D76B3538BC}.Debug|x86.Deploy.0 = Debug|x86
		{D0A3E30D-C5F1-40B7-BDBF-D9D76B3538BC}.Release|Any CPU.ActiveCfg = Release|x86
		{D0A3E30D-C5F1-40B7-BDBF-D9D76B3538BC}.Release|ARM.ActiveCfg = Release|ARM
		{D0A3E30D-C5F1-40B7-BDBF-D9D76B3538BC}.Release|ARM.Build.0 = Release|ARM
		{D0A3E30D-C5F1-40B7-BDBF-D9D76B3538BC}.Release|ARM.Deploy.0 = Release|ARM
		{D0A3E30D-C5F1-40B7-BDBF-D9D76B3538BC}.Release|iPhone.ActiveCfg = Release|x86
		{D0A3E30D-C5F1-40B7-BDBF-D9D76B3538BC}.Release|iPhoneSimulator.ActiveCfg = Release|x86
		{D0A3E30D-C5F1-40B7-BDBF-D9D76B3538BC}.Release|x64.ActiveCfg = Release|x64
		{D0A3E30D-C5F1-40B7-BDBF-D9D76B3538BC}.Release|x64.Build.0 = Release|x64
		{D0A3E30D-C5F1-40B7-BDBF-D9D76B3538BC}.Release|x64.Deploy.0 = Release|x64
		{D0A3E30D-C5F1-40B7-BDBF-D9D76B3538BC}.Release|x86.ActiveCfg = Release|x86
		{D0A3E30D-C5F1-40B7-BDBF-D9D76B3538BC}.Release|x86.Build.0 = Release|x86
		{D0A3E30D-C5F1-40B7-BDBF-D9D76B3538BC}.Release|x86.Deploy.0 = Release|x86
	EndGlobalSection
	GlobalSection(SolutionProperties) = preSolution
		HideSolutionNode = FALSE
	EndGlobalSection
	GlobalSection(ExtensibilityGlobals) = postSolution
		SolutionGuid = {EFEAB432-7ADF-4C44-AD01-4252A6261DFE}
	EndGlobalSection
EndGlobal
